
Microsoft Visual Studio Solution File, Format Version 12.00
# Visual Studio Version 16
VisualStudioVersion = 16.0.31205.134
MinimumVisualStudioVersion = 10.0.40219.1
Project("{9A19103F-16F7-4668-BE54-9A1E7A4F7556}") = "simple-middleware-net5", ".\simple-middleware-net5\simple-middleware-net5.csproj", "{C390738D-E2A9-46AE-9161-1C310FEACA3A}"
EndProject
Project("{FAE04EC0-301F-11D3-BF4B-00C04F79EFBC}") = "xUnitTestProject", ".\xUnitTestProject\xUnitTestProject.csproj", "{1BBFFAD6-919C-476E-9936-CDAE27A1E61D}"
EndProject
Global
	GlobalSection(SolutionConfigurationPlatforms) = preSolution
		Debug|Any CPU = Debug|Any CPU
		Release|Any CPU = Release|Any CPU
	EndGlobalSection
	GlobalSection(ProjectConfigurationPlatforms) = postSolution
		{C390738D-E2A9-46AE-9161-1C310FEACA3A}.Debug|Any CPU.ActiveCfg = Debug|Any CPU
		{C390738D-E2A9-46AE-9161-1C310FEACA3A}.Debug|Any CPU.Build.0 = Debug|Any CPU
		{C390738D-E2A9-46AE-9161-1C310FEACA3A}.Release|Any CPU.ActiveCfg = Release|Any CPU
		{C390738D-E2A9-46AE-9161-1C310FEACA3A}.Release|Any CPU.Build.0 = Release|Any CPU
		{1BBFFAD6-919C-476E-9936-CDAE27A1E61D}.Debug|Any CPU.ActiveCfg = Debug|Any CPU
		{1BBFFAD6-919C-476E-9936-CDAE27A1E61D}.Debug|Any CPU.Build.0 = Debug|Any CPU
		{1BBFFAD6-919C-476E-9936-CDAE27A1E61D}.Release|Any CPU.ActiveCfg = Release|Any CPU
		{1BBFFAD6-919C-476E-9936-CDAE27A1E61D}.Release|Any CPU.Build.0 = Release|Any CPU
	EndGlobalSection
	GlobalSection(SolutionProperties) = preSolution
		HideSolutionNode = FALSE
	EndGlobalSection
	GlobalSection(ExtensibilityGlobals) = postSolution
		SolutionGuid = {EB496249-F208-43B5-A02C-A15E689981E8}
	EndGlobalSection
EndGlobal
